
Microsoft Visual Studio Solution File, Format Version 12.00
# Visual Studio Version 16
VisualStudioVersion = 16.0.30204.135
MinimumVisualStudioVersion = 10.0.40219.1
Project("{9A19103F-16F7-4668-BE54-9A1E7A4F7556}") = "SvcAsset.Core", "SvcAsset.Core.csproj", "{5249986D-F68B-48E0-A58C-2BA7EE013C90}"
EndProject
Project("{FAE04EC0-301F-11D3-BF4B-00C04F79EFBC}") = "UnitTests", "..\UnitTests\UnitTests.csproj", "{B335C31E-BE52-45AD-BFA6-15BF146FA658}"
EndProject
Global
	GlobalSection(SolutionConfigurationPlatforms) = preSolution
		Debug|Any CPU = Debug|Any CPU
		Release|Any CPU = Release|Any CPU
	EndGlobalSection
	GlobalSection(ProjectConfigurationPlatforms) = postSolution
		{5249986D-F68B-48E0-A58C-2BA7EE013C90}.Debug|Any CPU.ActiveCfg = Debug|Any CPU
		{5249986D-F68B-48E0-A58C-2BA7EE013C90}.Debug|Any CPU.Build.0 = Debug|Any CPU
		{5249986D-F68B-48E0-A58C-2BA7EE013C90}.Release|Any CPU.ActiveCfg = Release|Any CPU
		{5249986D-F68B-48E0-A58C-2BA7EE013C90}.Release|Any CPU.Build.0 = Release|Any CPU
		{B335C31E-BE52-45AD-BFA6-15BF146FA658}.Debug|Any CPU.ActiveCfg = Debug|Any CPU
		{B335C31E-BE52-45AD-BFA6-15BF146FA658}.Debug|Any CPU.Build.0 = Debug|Any CPU
		{B335C31E-BE52-45AD-BFA6-15BF146FA658}.Release|Any CPU.ActiveCfg = Release|Any CPU
		{B335C31E-BE52-45AD-BFA6-15BF146FA658}.Release|Any CPU.Build.0 = Release|Any CPU
	EndGlobalSection
	GlobalSection(SolutionProperties) = preSolution
		HideSolutionNode = FALSE
	EndGlobalSection
	GlobalSection(ExtensibilityGlobals) = postSolution
		SolutionGuid = {5C88C918-5B84-40A5-9CE5-D7FC71774F6E}
	EndGlobalSection
EndGlobal
